
Microsoft Visual Studio Solution File, Format Version 12.00
# Visual Studio Version 17
VisualStudioVersion = 17.14.36518.9 d17.14
MinimumVisualStudioVersion = 10.0.40219.1
Project("{FAE04EC0-301F-11D3-BF4B-00C04F79EFBC}") = "Kacper Mirecki", "Kacper Mirecki\Kacper Mirecki.csproj", "{A0092D8A-0FED-42D5-83EE-4F33FB25F826}"
EndProject
Global
	GlobalSection(SolutionConfigurationPlatforms) = preSolution
		Debug|Any CPU = Debug|Any CPU
		Release|Any CPU = Release|Any CPU
	EndGlobalSection
	GlobalSection(ProjectConfigurationPlatforms) = postSolution
		{A0092D8A-0FED-42D5-83EE-4F33FB25F826}.Debug|Any CPU.ActiveCfg = Debug|Any CPU
		{A0092D8A-0FED-42D5-83EE-4F33FB25F826}.Debug|Any CPU.Build.0 = Debug|Any CPU
		{A0092D8A-0FED-42D5-83EE-4F33FB25F826}.Release|Any CPU.ActiveCfg = Release|Any CPU
		{A0092D8A-0FED-42D5-83EE-4F33FB25F826}.Release|Any CPU.Build.0 = Release|Any CPU
	EndGlobalSection
	GlobalSection(SolutionProperties) = preSolution
		HideSolutionNode = FALSE
	EndGlobalSection
	GlobalSection(ExtensibilityGlobals) = postSolution
		SolutionGuid = {6E4C68A1-592C-4A52-BCBD-52B91DF2A0EB}
	EndGlobalSection
EndGlobal
