
Microsoft Visual Studio Solution File, Format Version 12.00
# Visual Studio Version 17
VisualStudioVersion = 17.14.36518.9 d17.14
MinimumVisualStudioVersion = 10.0.40219.1
Project("{FAE04EC0-301F-11D3-BF4B-00C04F79EFBC}") = "MultipleChoiceList", "MultipleChoiceList\MultipleChoiceList.csproj", "{A99E4793-2DC9-499A-8ECF-7081F1A95430}"
EndProject
Global
	GlobalSection(SolutionConfigurationPlatforms) = preSolution
		Debug|Any CPU = Debug|Any CPU
		Release|Any CPU = Release|Any CPU
	EndGlobalSection
	GlobalSection(ProjectConfigurationPlatforms) = postSolution
		{A99E4793-2DC9-499A-8ECF-7081F1A95430}.Debug|Any CPU.ActiveCfg = Debug|Any CPU
		{A99E4793-2DC9-499A-8ECF-7081F1A95430}.Debug|Any CPU.Build.0 = Debug|Any CPU
		{A99E4793-2DC9-499A-8ECF-7081F1A95430}.Release|Any CPU.ActiveCfg = Release|Any CPU
		{A99E4793-2DC9-499A-8ECF-7081F1A95430}.Release|Any CPU.Build.0 = Release|Any CPU
	EndGlobalSection
	GlobalSection(SolutionProperties) = preSolution
		HideSolutionNode = FALSE
	EndGlobalSection
	GlobalSection(ExtensibilityGlobals) = postSolution
		SolutionGuid = {00D153D3-D7FD-4A56-B0AA-9A24C1F6EB68}
	EndGlobalSection
EndGlobal
