
Microsoft Visual Studio Solution File, Format Version 12.00
# Visual Studio Version 17
VisualStudioVersion = 17.14.36518.9 d17.14
MinimumVisualStudioVersion = 10.0.40219.1
Project("{FAE04EC0-301F-11D3-BF4B-00C04F79EFBC}") = "MenuStrip", "MenuStrip.csproj", "{0D7593C8-B974-4901-A917-B4021466754F}"
EndProject
Global
	GlobalSection(SolutionConfigurationPlatforms) = preSolution
		Debug|Any CPU = Debug|Any CPU
		Release|Any CPU = Release|Any CPU
	EndGlobalSection
	GlobalSection(ProjectConfigurationPlatforms) = postSolution
		{0D7593C8-B974-4901-A917-B4021466754F}.Debug|Any CPU.ActiveCfg = Debug|Any CPU
		{0D7593C8-B974-4901-A917-B4021466754F}.Debug|Any CPU.Build.0 = Debug|Any CPU
		{0D7593C8-B974-4901-A917-B4021466754F}.Release|Any CPU.ActiveCfg = Release|Any CPU
		{0D7593C8-B974-4901-A917-B4021466754F}.Release|Any CPU.Build.0 = Release|Any CPU
	EndGlobalSection
	GlobalSection(SolutionProperties) = preSolution
		HideSolutionNode = FALSE
	EndGlobalSection
	GlobalSection(ExtensibilityGlobals) = postSolution
		SolutionGuid = {4D885850-069A-4B8A-9831-E84C9A4CD381}
	EndGlobalSection
EndGlobal
